
Microsoft Visual Studio Solution File, Format Version 12.00
# Visual Studio Version 16
VisualStudioVersion = 25.0.1703.0
MinimumVisualStudioVersion = 10.0.40219.1
Project("{FAE04EC0-301F-11D3-BF4B-00C04F79EFBC}") = "PizzeriaApp", "PizzeriaApp\PizzeriaApp.csproj", "{1DE3785F-041C-4632-A3EE-86247F5BC0C9}"
EndProject
Global
	GlobalSection(SolutionConfigurationPlatforms) = preSolution
		Debug|Any CPU = Debug|Any CPU
		Release|Any CPU = Release|Any CPU
	EndGlobalSection
	GlobalSection(ProjectConfigurationPlatforms) = postSolution
		{1DE3785F-041C-4632-A3EE-86247F5BC0C9}.Debug|Any CPU.ActiveCfg = Debug|Any CPU
		{1DE3785F-041C-4632-A3EE-86247F5BC0C9}.Debug|Any CPU.Build.0 = Debug|Any CPU
		{1DE3785F-041C-4632-A3EE-86247F5BC0C9}.Release|Any CPU.ActiveCfg = Release|Any CPU
		{1DE3785F-041C-4632-A3EE-86247F5BC0C9}.Release|Any CPU.Build.0 = Release|Any CPU
	EndGlobalSection
	GlobalSection(SolutionProperties) = preSolution
		HideSolutionNode = FALSE
	EndGlobalSection
	GlobalSection(ExtensibilityGlobals) = postSolution
		SolutionGuid = {5D64C7F2-362F-4E3E-B63D-30E1B5B2B6ED}
	EndGlobalSection
EndGlobal
